
Microsoft Visual Studio Solution File, Format Version 12.00
# Visual Studio 15
VisualStudioVersion = 15.0.27130.2036
MinimumVisualStudioVersion = 10.0.40219.1
Project("{9A19103F-16F7-4668-BE54-9A1E7A4F7556}") = "CacheLib", "CacheLib\CacheLib.csproj", "{B950CB7E-4819-4A48-A65E-6998DA7D08FC}"
EndProject
Project("{FAE04EC0-301F-11D3-BF4B-00C04F79EFBC}") = "SampleSite", "SampleSite\SampleSite.csproj", "{1FF79A0A-5741-403E-8107-3D8C0143C320}"
EndProject
Global
	GlobalSection(SolutionConfigurationPlatforms) = preSolution
		Debug|Any CPU = Debug|Any CPU
		Release|Any CPU = Release|Any CPU
	EndGlobalSection
	GlobalSection(ProjectConfigurationPlatforms) = postSolution
		{B950CB7E-4819-4A48-A65E-6998DA7D08FC}.Debug|Any CPU.ActiveCfg = Debug|Any CPU
		{B950CB7E-4819-4A48-A65E-6998DA7D08FC}.Debug|Any CPU.Build.0 = Debug|Any CPU
		{B950CB7E-4819-4A48-A65E-6998DA7D08FC}.Release|Any CPU.ActiveCfg = Release|Any CPU
		{B950CB7E-4819-4A48-A65E-6998DA7D08FC}.Release|Any CPU.Build.0 = Release|Any CPU
		{1FF79A0A-5741-403E-8107-3D8C0143C320}.Debug|Any CPU.ActiveCfg = Debug|Any CPU
		{1FF79A0A-5741-403E-8107-3D8C0143C320}.Debug|Any CPU.Build.0 = Debug|Any CPU
		{1FF79A0A-5741-403E-8107-3D8C0143C320}.Release|Any CPU.ActiveCfg = Release|Any CPU
		{1FF79A0A-5741-403E-8107-3D8C0143C320}.Release|Any CPU.Build.0 = Release|Any CPU
	EndGlobalSection
	GlobalSection(SolutionProperties) = preSolution
		HideSolutionNode = FALSE
	EndGlobalSection
	GlobalSection(ExtensibilityGlobals) = postSolution
		SolutionGuid = {3C662EA8-B361-42DE-8AE1-06C3A9D7EF94}
	EndGlobalSection
EndGlobal
