Microsoft Visual Studio Solution File, Format Version 12.00
# Visual Studio 15
VisualStudioVersion = 15.0.27130.2024
MinimumVisualStudioVersion = 10.0.40219.1
Project("{9A19103F-16F7-4668-BE54-9A1E7A4F7556}") = "Cache.Fody", "Cache.Fody\Cache.Fody.csproj", "{1BBB7478-15F7-4960-84B8-94A4237D1D22}"
EndProject
Project("{9A19103F-16F7-4668-BE54-9A1E7A4F7556}") = "Tests", "Test\Tests\Tests.csproj", "{0BA152C7-A52E-4387-B269-4654300BDF08}"
EndProject
Project("{9A19103F-16F7-4668-BE54-9A1E7A4F7556}") = "AssemblyToReference", "Test\AssemblyToReference\AssemblyToReference.csproj", "{ADAE4DF0-BBEA-4D42-9896-77FC07B2FB2E}"
EndProject
Project("{9A19103F-16F7-4668-BE54-9A1E7A4F7556}") = "Cache", "Cache\Cache.csproj", "{1010BC85-718E-4BAE-81B0-2ED5BDCFA534}"
EndProject
Project("{2150E333-8FDC-42A3-9474-1A3956D46DE8}") = "Test", "Test", "{54C74E51-7239-4EF1-A73A-DEA39CE618BC}"
EndProject
Project("{9A19103F-16F7-4668-BE54-9A1E7A4F7556}") = "Cache.Implement", "Cache.Implement\Cache.Implement.csproj", "{E071DF5C-17C7-4478-AC24-54077AE35084}"
EndProject
Project("{2150E333-8FDC-42A3-9474-1A3956D46DE8}") = "Sample", "Sample", "{88F20EA2-D06F-4AAA-A521-77411EA80FDF}"
EndProject
Project("{9A19103F-16F7-4668-BE54-9A1E7A4F7556}") = "SampleSite", "Sample\SampleSite\SampleSite.csproj", "{D95FC4DC-CF6F-49BF-93CD-FE9239007DD5}"
EndProject
Global
	GlobalSection(SolutionConfigurationPlatforms) = preSolution
		Debug|Any CPU = Debug|Any CPU
		Release|Any CPU = Release|Any CPU
	EndGlobalSection
	GlobalSection(ProjectConfigurationPlatforms) = postSolution
		{1BBB7478-15F7-4960-84B8-94A4237D1D22}.Debug|Any CPU.ActiveCfg = Debug|Any CPU
		{1BBB7478-15F7-4960-84B8-94A4237D1D22}.Debug|Any CPU.Build.0 = Debug|Any CPU
		{1BBB7478-15F7-4960-84B8-94A4237D1D22}.Release|Any CPU.ActiveCfg = Release|Any CPU
		{1BBB7478-15F7-4960-84B8-94A4237D1D22}.Release|Any CPU.Build.0 = Release|Any CPU
		{0BA152C7-A52E-4387-B269-4654300BDF08}.Debug|Any CPU.ActiveCfg = Debug|Any CPU
		{0BA152C7-A52E-4387-B269-4654300BDF08}.Debug|Any CPU.Build.0 = Debug|Any CPU
		{0BA152C7-A52E-4387-B269-4654300BDF08}.Release|Any CPU.ActiveCfg = Release|Any CPU
		{0BA152C7-A52E-4387-B269-4654300BDF08}.Release|Any CPU.Build.0 = Release|Any CPU
		{ADAE4DF0-BBEA-4D42-9896-77FC07B2FB2E}.Debug|Any CPU.ActiveCfg = Debug|Any CPU
		{ADAE4DF0-BBEA-4D42-9896-77FC07B2FB2E}.Debug|Any CPU.Build.0 = Debug|Any CPU
		{ADAE4DF0-BBEA-4D42-9896-77FC07B2FB2E}.Release|Any CPU.ActiveCfg = Release|Any CPU
		{ADAE4DF0-BBEA-4D42-9896-77FC07B2FB2E}.Release|Any CPU.Build.0 = Release|Any CPU
		{1010BC85-718E-4BAE-81B0-2ED5BDCFA534}.Debug|Any CPU.ActiveCfg = Debug|Any CPU
		{1010BC85-718E-4BAE-81B0-2ED5BDCFA534}.Debug|Any CPU.Build.0 = Debug|Any CPU
		{1010BC85-718E-4BAE-81B0-2ED5BDCFA534}.Release|Any CPU.ActiveCfg = Release|Any CPU
		{1010BC85-718E-4BAE-81B0-2ED5BDCFA534}.Release|Any CPU.Build.0 = Release|Any CPU
		{E071DF5C-17C7-4478-AC24-54077AE35084}.Debug|Any CPU.ActiveCfg = Debug|Any CPU
		{E071DF5C-17C7-4478-AC24-54077AE35084}.Debug|Any CPU.Build.0 = Debug|Any CPU
		{E071DF5C-17C7-4478-AC24-54077AE35084}.Release|Any CPU.ActiveCfg = Release|Any CPU
		{E071DF5C-17C7-4478-AC24-54077AE35084}.Release|Any CPU.Build.0 = Release|Any CPU
		{D95FC4DC-CF6F-49BF-93CD-FE9239007DD5}.Debug|Any CPU.ActiveCfg = Debug|Any CPU
		{D95FC4DC-CF6F-49BF-93CD-FE9239007DD5}.Debug|Any CPU.Build.0 = Debug|Any CPU
		{D95FC4DC-CF6F-49BF-93CD-FE9239007DD5}.Release|Any CPU.ActiveCfg = Release|Any CPU
		{D95FC4DC-CF6F-49BF-93CD-FE9239007DD5}.Release|Any CPU.Build.0 = Release|Any CPU
	EndGlobalSection
	GlobalSection(SolutionProperties) = preSolution
		HideSolutionNode = FALSE
	EndGlobalSection
	GlobalSection(NestedProjects) = preSolution
		{0BA152C7-A52E-4387-B269-4654300BDF08} = {54C74E51-7239-4EF1-A73A-DEA39CE618BC}
		{ADAE4DF0-BBEA-4D42-9896-77FC07B2FB2E} = {54C74E51-7239-4EF1-A73A-DEA39CE618BC}
		{D95FC4DC-CF6F-49BF-93CD-FE9239007DD5} = {88F20EA2-D06F-4AAA-A521-77411EA80FDF}
	EndGlobalSection
	GlobalSection(ExtensibilityGlobals) = postSolution
		SolutionGuid = {072CD63F-B0AD-49EB-A6C1-EBA90DD86048}
	EndGlobalSection
EndGlobal
