
Microsoft Visual Studio Solution File, Format Version 12.00
# Visual Studio 2012
Project("{FAE04EC0-301F-11D3-BF4B-00C04F79EFBC}") = "Cache.Fody", "Cache.Fody\Cache.Fody.csproj", "{1BBB7478-15F7-4960-84B8-94A4237D1D22}"
EndProject
Project("{FAE04EC0-301F-11D3-BF4B-00C04F79EFBC}") = "Cache.Attribute", "Cache.Attribute\Cache.Attribute.csproj", "{1115478B-ABDA-411B-AB06-F749FEAF86B4}"
EndProject
Global
	GlobalSection(SolutionConfigurationPlatforms) = preSolution
		Debug|Any CPU = Debug|Any CPU
		Release|Any CPU = Release|Any CPU
	EndGlobalSection
	GlobalSection(ProjectConfigurationPlatforms) = postSolution
		{1BBB7478-15F7-4960-84B8-94A4237D1D22}.Debug|Any CPU.ActiveCfg = Debug|Any CPU
		{1BBB7478-15F7-4960-84B8-94A4237D1D22}.Debug|Any CPU.Build.0 = Debug|Any CPU
		{1BBB7478-15F7-4960-84B8-94A4237D1D22}.Release|Any CPU.ActiveCfg = Release|Any CPU
		{1BBB7478-15F7-4960-84B8-94A4237D1D22}.Release|Any CPU.Build.0 = Release|Any CPU
		{1115478B-ABDA-411B-AB06-F749FEAF86B4}.Debug|Any CPU.ActiveCfg = Debug|Any CPU
		{1115478B-ABDA-411B-AB06-F749FEAF86B4}.Debug|Any CPU.Build.0 = Debug|Any CPU
		{1115478B-ABDA-411B-AB06-F749FEAF86B4}.Release|Any CPU.ActiveCfg = Release|Any CPU
		{1115478B-ABDA-411B-AB06-F749FEAF86B4}.Release|Any CPU.Build.0 = Release|Any CPU
	EndGlobalSection
EndGlobal
