Microsoft Visual Studio Solution File, Format Version 12.00
# Visual Studio 15
VisualStudioVersion = 15.0.27130.2024
MinimumVisualStudioVersion = 10.0.40219.1
Project("{9A19103F-16F7-4668-BE54-9A1E7A4F7556}") = "Cache.Fody", "Cache.Fody\Cache.Fody.csproj", "{1BBB7478-15F7-4960-84B8-94A4237D1D22}"
EndProject
Project("{9A19103F-16F7-4668-BE54-9A1E7A4F7556}") = "Cache", "Cache.Attribute\Cache.csproj", "{1115478B-ABDA-411B-AB06-F749FEAF86B4}"
EndProject
Global
	GlobalSection(SolutionConfigurationPlatforms) = preSolution
		Debug|Any CPU = Debug|Any CPU
		Release|Any CPU = Release|Any CPU
	EndGlobalSection
	GlobalSection(ProjectConfigurationPlatforms) = postSolution
		{1BBB7478-15F7-4960-84B8-94A4237D1D22}.Debug|Any CPU.ActiveCfg = Debug|Any CPU
		{1BBB7478-15F7-4960-84B8-94A4237D1D22}.Debug|Any CPU.Build.0 = Debug|Any CPU
		{1BBB7478-15F7-4960-84B8-94A4237D1D22}.Release|Any CPU.ActiveCfg = Release|Any CPU
		{1BBB7478-15F7-4960-84B8-94A4237D1D22}.Release|Any CPU.Build.0 = Release|Any CPU
		{1115478B-ABDA-411B-AB06-F749FEAF86B4}.Debug|Any CPU.ActiveCfg = Debug|Any CPU
		{1115478B-ABDA-411B-AB06-F749FEAF86B4}.Debug|Any CPU.Build.0 = Debug|Any CPU
		{1115478B-ABDA-411B-AB06-F749FEAF86B4}.Release|Any CPU.ActiveCfg = Release|Any CPU
		{1115478B-ABDA-411B-AB06-F749FEAF86B4}.Release|Any CPU.Build.0 = Release|Any CPU
	EndGlobalSection
	GlobalSection(SolutionProperties) = preSolution
		HideSolutionNode = FALSE
	EndGlobalSection
	GlobalSection(ExtensibilityGlobals) = postSolution
		SolutionGuid = {072CD63F-B0AD-49EB-A6C1-EBA90DD86048}
	EndGlobalSection
EndGlobal
